
Microsoft Visual Studio Solution File, Format Version 12.00
# Visual Studio Version 17
VisualStudioVersion = 17.5.33516.290
MinimumVisualStudioVersion = 10.0.40219.1
Project("{FAE04EC0-301F-11D3-BF4B-00C04F79EFBC}") = "WebApplication1", "WebApplication1\WebApplication1.csproj", "{EF26C19F-F66B-49F2-BF71-23FF6BB14519}"
EndProject
Global
	GlobalSection(SolutionConfigurationPlatforms) = preSolution
		Debug|Any CPU = Debug|Any CPU
		Release|Any CPU = Release|Any CPU
	EndGlobalSection
	GlobalSection(ProjectConfigurationPlatforms) = postSolution
		{EF26C19F-F66B-49F2-BF71-23FF6BB14519}.Debug|Any CPU.ActiveCfg = Debug|Any CPU
		{EF26C19F-F66B-49F2-BF71-23FF6BB14519}.Debug|Any CPU.Build.0 = Debug|Any CPU
		{EF26C19F-F66B-49F2-BF71-23FF6BB14519}.Release|Any CPU.ActiveCfg = Release|Any CPU
		{EF26C19F-F66B-49F2-BF71-23FF6BB14519}.Release|Any CPU.Build.0 = Release|Any CPU
	EndGlobalSection
	GlobalSection(SolutionProperties) = preSolution
		HideSolutionNode = FALSE
	EndGlobalSection
	GlobalSection(ExtensibilityGlobals) = postSolution
		SolutionGuid = {C292957E-3F57-437B-B8A1-D155566879E7}
	EndGlobalSection
EndGlobal
