
Microsoft Visual Studio Solution File, Format Version 12.00
# Visual Studio Version 17
VisualStudioVersion = 17.0.31903.59
MinimumVisualStudioVersion = 10.0.40219.1
Project("{FAE04EC0-301F-11D3-BF4B-00C04F79EFBC}") = "weather", "weather\weather.csproj", "{6834A639-F24A-4342-8B06-B0668184568C}"
EndProject
Project("{FAE04EC0-301F-11D3-BF4B-00C04F79EFBC}") = "weather.Test", "weather.Test\weather.Test.csproj", "{D1C17CD3-F4AB-4A6F-86E8-5EA3C41EC1EC}"
EndProject
Global
	GlobalSection(SolutionConfigurationPlatforms) = preSolution
		Debug|Any CPU = Debug|Any CPU
		Release|Any CPU = Release|Any CPU
	EndGlobalSection
	GlobalSection(SolutionProperties) = preSolution
		HideSolutionNode = FALSE
	EndGlobalSection
	GlobalSection(ProjectConfigurationPlatforms) = postSolution
		{6834A639-F24A-4342-8B06-B0668184568C}.Debug|Any CPU.ActiveCfg = Debug|Any CPU
		{6834A639-F24A-4342-8B06-B0668184568C}.Debug|Any CPU.Build.0 = Debug|Any CPU
		{6834A639-F24A-4342-8B06-B0668184568C}.Release|Any CPU.ActiveCfg = Release|Any CPU
		{6834A639-F24A-4342-8B06-B0668184568C}.Release|Any CPU.Build.0 = Release|Any CPU
		{D1C17CD3-F4AB-4A6F-86E8-5EA3C41EC1EC}.Debug|Any CPU.ActiveCfg = Debug|Any CPU
		{D1C17CD3-F4AB-4A6F-86E8-5EA3C41EC1EC}.Debug|Any CPU.Build.0 = Debug|Any CPU
		{D1C17CD3-F4AB-4A6F-86E8-5EA3C41EC1EC}.Release|Any CPU.ActiveCfg = Release|Any CPU
		{D1C17CD3-F4AB-4A6F-86E8-5EA3C41EC1EC}.Release|Any CPU.Build.0 = Release|Any CPU
	EndGlobalSection
EndGlobal
